
Microsoft Visual Studio Solution File, Format Version 12.00
# Visual Studio Version 17
VisualStudioVersion = 17.8.34511.84
MinimumVisualStudioVersion = 10.0.40219.1
Project("{FAE04EC0-301F-11D3-BF4B-00C04F79EFBC}") = "Warehouses.API", "Warehouse\Warehouses.API.csproj", "{8187E611-4074-4C74-90DD-7B4CAED6EFA4}"
EndProject
Project("{FAE04EC0-301F-11D3-BF4B-00C04F79EFBC}") = "Warehouses.core", "Warehouse.core\Warehouses.core.csproj", "{DF61B8A4-1433-4B62-8331-6D3AE7F74113}"
EndProject
Project("{FAE04EC0-301F-11D3-BF4B-00C04F79EFBC}") = "Warehouses.infra", "Warehouse.infra\Warehouses.infra.csproj", "{F435C9EC-AAFC-42C0-8D04-9516C79E1ECB}"
EndProject
Global
	GlobalSection(SolutionConfigurationPlatforms) = preSolution
		Debug|Any CPU = Debug|Any CPU
		Release|Any CPU = Release|Any CPU
	EndGlobalSection
	GlobalSection(ProjectConfigurationPlatforms) = postSolution
		{8187E611-4074-4C74-90DD-7B4CAED6EFA4}.Debug|Any CPU.ActiveCfg = Debug|Any CPU
		{8187E611-4074-4C74-90DD-7B4CAED6EFA4}.Debug|Any CPU.Build.0 = Debug|Any CPU
		{8187E611-4074-4C74-90DD-7B4CAED6EFA4}.Release|Any CPU.ActiveCfg = Release|Any CPU
		{8187E611-4074-4C74-90DD-7B4CAED6EFA4}.Release|Any CPU.Build.0 = Release|Any CPU
		{DF61B8A4-1433-4B62-8331-6D3AE7F74113}.Debug|Any CPU.ActiveCfg = Debug|Any CPU
		{DF61B8A4-1433-4B62-8331-6D3AE7F74113}.Debug|Any CPU.Build.0 = Debug|Any CPU
		{DF61B8A4-1433-4B62-8331-6D3AE7F74113}.Release|Any CPU.ActiveCfg = Release|Any CPU
		{DF61B8A4-1433-4B62-8331-6D3AE7F74113}.Release|Any CPU.Build.0 = Release|Any CPU
		{F435C9EC-AAFC-42C0-8D04-9516C79E1ECB}.Debug|Any CPU.ActiveCfg = Debug|Any CPU
		{F435C9EC-AAFC-42C0-8D04-9516C79E1ECB}.Debug|Any CPU.Build.0 = Debug|Any CPU
		{F435C9EC-AAFC-42C0-8D04-9516C79E1ECB}.Release|Any CPU.ActiveCfg = Release|Any CPU
		{F435C9EC-AAFC-42C0-8D04-9516C79E1ECB}.Release|Any CPU.Build.0 = Release|Any CPU
	EndGlobalSection
	GlobalSection(SolutionProperties) = preSolution
		HideSolutionNode = FALSE
	EndGlobalSection
	GlobalSection(ExtensibilityGlobals) = postSolution
		SolutionGuid = {64C1FFC8-366C-488F-80C7-CC5D39D08225}
	EndGlobalSection
EndGlobal
